
Microsoft Visual Studio Solution File, Format Version 12.00
# Visual Studio Version 17
VisualStudioVersion = 17.7.34202.233
MinimumVisualStudioVersion = 10.0.40219.1
Project("{FAE04EC0-301F-11D3-BF4B-00C04F79EFBC}") = "FinalBackEnd", "FinalBackEnd\FinalBackEnd.csproj", "{D3B16063-4B5F-47B8-8C36-ED4B0C02FC54}"
EndProject
Global
	GlobalSection(SolutionConfigurationPlatforms) = preSolution
		Debug|Any CPU = Debug|Any CPU
		Release|Any CPU = Release|Any CPU
	EndGlobalSection
	GlobalSection(ProjectConfigurationPlatforms) = postSolution
		{D3B16063-4B5F-47B8-8C36-ED4B0C02FC54}.Debug|Any CPU.ActiveCfg = Debug|Any CPU
		{D3B16063-4B5F-47B8-8C36-ED4B0C02FC54}.Debug|Any CPU.Build.0 = Debug|Any CPU
		{D3B16063-4B5F-47B8-8C36-ED4B0C02FC54}.Release|Any CPU.ActiveCfg = Release|Any CPU
		{D3B16063-4B5F-47B8-8C36-ED4B0C02FC54}.Release|Any CPU.Build.0 = Release|Any CPU
	EndGlobalSection
	GlobalSection(SolutionProperties) = preSolution
		HideSolutionNode = FALSE
	EndGlobalSection
	GlobalSection(ExtensibilityGlobals) = postSolution
		SolutionGuid = {0B3592AE-AAB2-4640-A477-A54150DBB3DD}
	EndGlobalSection
EndGlobal
